
Microsoft Visual Studio Solution File, Format Version 12.00
# Visual Studio 15
VisualStudioVersion = 15.0.28307.168
MinimumVisualStudioVersion = 10.0.40219.1
Project("{9A19103F-16F7-4668-BE54-9A1E7A4F7556}") = "P01.RhombusOfStars", "P01.RhombusOfStars\P01.RhombusOfStars.csproj", "{D283E771-5B43-4B2C-B452-AF94B9CFBD9A}"
EndProject
Project("{9A19103F-16F7-4668-BE54-9A1E7A4F7556}") = "P02.PointInRectangle", "P02.PointInRectangle\P02.PointInRectangle.csproj", "{652C81CF-A5CC-4875-BDB2-717E579D0AB0}"
EndProject
Project("{9A19103F-16F7-4668-BE54-9A1E7A4F7556}") = "P03.StudentSystemCatalog", "P03.StudentSystemCatalog\P03.StudentSystemCatalog.csproj", "{D4B6645B-DECF-405E-AAFA-6BED30EF6B31}"
EndProject
Global
	GlobalSection(SolutionConfigurationPlatforms) = preSolution
		Debug|Any CPU = Debug|Any CPU
		Release|Any CPU = Release|Any CPU
	EndGlobalSection
	GlobalSection(ProjectConfigurationPlatforms) = postSolution
		{D283E771-5B43-4B2C-B452-AF94B9CFBD9A}.Debug|Any CPU.ActiveCfg = Debug|Any CPU
		{D283E771-5B43-4B2C-B452-AF94B9CFBD9A}.Debug|Any CPU.Build.0 = Debug|Any CPU
		{D283E771-5B43-4B2C-B452-AF94B9CFBD9A}.Release|Any CPU.ActiveCfg = Release|Any CPU
		{D283E771-5B43-4B2C-B452-AF94B9CFBD9A}.Release|Any CPU.Build.0 = Release|Any CPU
		{652C81CF-A5CC-4875-BDB2-717E579D0AB0}.Debug|Any CPU.ActiveCfg = Debug|Any CPU
		{652C81CF-A5CC-4875-BDB2-717E579D0AB0}.Debug|Any CPU.Build.0 = Debug|Any CPU
		{652C81CF-A5CC-4875-BDB2-717E579D0AB0}.Release|Any CPU.ActiveCfg = Release|Any CPU
		{652C81CF-A5CC-4875-BDB2-717E579D0AB0}.Release|Any CPU.Build.0 = Release|Any CPU
		{D4B6645B-DECF-405E-AAFA-6BED30EF6B31}.Debug|Any CPU.ActiveCfg = Debug|Any CPU
		{D4B6645B-DECF-405E-AAFA-6BED30EF6B31}.Debug|Any CPU.Build.0 = Debug|Any CPU
		{D4B6645B-DECF-405E-AAFA-6BED30EF6B31}.Release|Any CPU.ActiveCfg = Release|Any CPU
		{D4B6645B-DECF-405E-AAFA-6BED30EF6B31}.Release|Any CPU.Build.0 = Release|Any CPU
	EndGlobalSection
	GlobalSection(SolutionProperties) = preSolution
		HideSolutionNode = FALSE
	EndGlobalSection
	GlobalSection(ExtensibilityGlobals) = postSolution
		SolutionGuid = {D36E6487-C84D-43E7-99F8-D412DB9C8AB3}
	EndGlobalSection
EndGlobal
