
Microsoft Visual Studio Solution File, Format Version 12.00
# Visual Studio 15
VisualStudioVersion = 15.0.28307.168
MinimumVisualStudioVersion = 10.0.40219.1
Project("{FAE04EC0-301F-11D3-BF4B-00C04F79EFBC}") = "P01.RhombusOfStars", "P01.RhombusOfStars\P01.RhombusOfStars.csproj", "{D283E771-5B43-4B2C-B452-AF94B9CFBD9A}"
EndProject
Global
	GlobalSection(SolutionConfigurationPlatforms) = preSolution
		Debug|Any CPU = Debug|Any CPU
		Release|Any CPU = Release|Any CPU
	EndGlobalSection
	GlobalSection(ProjectConfigurationPlatforms) = postSolution
		{D283E771-5B43-4B2C-B452-AF94B9CFBD9A}.Debug|Any CPU.ActiveCfg = Debug|Any CPU
		{D283E771-5B43-4B2C-B452-AF94B9CFBD9A}.Debug|Any CPU.Build.0 = Debug|Any CPU
		{D283E771-5B43-4B2C-B452-AF94B9CFBD9A}.Release|Any CPU.ActiveCfg = Release|Any CPU
		{D283E771-5B43-4B2C-B452-AF94B9CFBD9A}.Release|Any CPU.Build.0 = Release|Any CPU
	EndGlobalSection
	GlobalSection(SolutionProperties) = preSolution
		HideSolutionNode = FALSE
	EndGlobalSection
	GlobalSection(ExtensibilityGlobals) = postSolution
		SolutionGuid = {D36E6487-C84D-43E7-99F8-D412DB9C8AB3}
	EndGlobalSection
EndGlobal
