
Microsoft Visual Studio Solution File, Format Version 12.00
# Visual Studio 15
VisualStudioVersion = 15.0.28307.168
MinimumVisualStudioVersion = 10.0.40219.1
Project("{9A19103F-16F7-4668-BE54-9A1E7A4F7556}") = "P01.SingleInheritance", "P01.SingleInheritance\P01.SingleInheritance.csproj", "{A701B825-AA71-47AC-B050-C641F4AF7099}"
EndProject
Project("{FAE04EC0-301F-11D3-BF4B-00C04F79EFBC}") = "P02.MultipleInheritance", "P02.MultipleInheritance\P02.MultipleInheritance.csproj", "{FAF630EC-DCA1-499B-A973-AC3840E8CE5C}"
EndProject
Project("{FAE04EC0-301F-11D3-BF4B-00C04F79EFBC}") = "P03.HierarchicalInheritance", "P03.HierarchicalInheritance\P03.HierarchicalInheritance.csproj", "{9099DFE3-9796-411E-882C-00C9E8079635}"
EndProject
Project("{FAE04EC0-301F-11D3-BF4B-00C04F79EFBC}") = "P04.RandomList", "P04.RandomList\P04.RandomList.csproj", "{A2AF9DAF-DDB6-4F7F-8974-592754FEC6F5}"
EndProject
Global
	GlobalSection(SolutionConfigurationPlatforms) = preSolution
		Debug|Any CPU = Debug|Any CPU
		Release|Any CPU = Release|Any CPU
	EndGlobalSection
	GlobalSection(ProjectConfigurationPlatforms) = postSolution
		{A701B825-AA71-47AC-B050-C641F4AF7099}.Debug|Any CPU.ActiveCfg = Debug|Any CPU
		{A701B825-AA71-47AC-B050-C641F4AF7099}.Debug|Any CPU.Build.0 = Debug|Any CPU
		{A701B825-AA71-47AC-B050-C641F4AF7099}.Release|Any CPU.ActiveCfg = Release|Any CPU
		{A701B825-AA71-47AC-B050-C641F4AF7099}.Release|Any CPU.Build.0 = Release|Any CPU
		{FAF630EC-DCA1-499B-A973-AC3840E8CE5C}.Debug|Any CPU.ActiveCfg = Debug|Any CPU
		{FAF630EC-DCA1-499B-A973-AC3840E8CE5C}.Debug|Any CPU.Build.0 = Debug|Any CPU
		{FAF630EC-DCA1-499B-A973-AC3840E8CE5C}.Release|Any CPU.ActiveCfg = Release|Any CPU
		{FAF630EC-DCA1-499B-A973-AC3840E8CE5C}.Release|Any CPU.Build.0 = Release|Any CPU
		{9099DFE3-9796-411E-882C-00C9E8079635}.Debug|Any CPU.ActiveCfg = Debug|Any CPU
		{9099DFE3-9796-411E-882C-00C9E8079635}.Debug|Any CPU.Build.0 = Debug|Any CPU
		{9099DFE3-9796-411E-882C-00C9E8079635}.Release|Any CPU.ActiveCfg = Release|Any CPU
		{9099DFE3-9796-411E-882C-00C9E8079635}.Release|Any CPU.Build.0 = Release|Any CPU
		{A2AF9DAF-DDB6-4F7F-8974-592754FEC6F5}.Debug|Any CPU.ActiveCfg = Debug|Any CPU
		{A2AF9DAF-DDB6-4F7F-8974-592754FEC6F5}.Debug|Any CPU.Build.0 = Debug|Any CPU
		{A2AF9DAF-DDB6-4F7F-8974-592754FEC6F5}.Release|Any CPU.ActiveCfg = Release|Any CPU
		{A2AF9DAF-DDB6-4F7F-8974-592754FEC6F5}.Release|Any CPU.Build.0 = Release|Any CPU
	EndGlobalSection
	GlobalSection(SolutionProperties) = preSolution
		HideSolutionNode = FALSE
	EndGlobalSection
	GlobalSection(ExtensibilityGlobals) = postSolution
		SolutionGuid = {1E5FD219-E7EC-4642-BC59-69DCBD4FD87A}
	EndGlobalSection
EndGlobal
