
Microsoft Visual Studio Solution File, Format Version 12.00
# Visual Studio 15
VisualStudioVersion = 15.0.28307.168
MinimumVisualStudioVersion = 10.0.40219.1
Project("{9A19103F-16F7-4668-BE54-9A1E7A4F7556}") = "P01.RawData", "P01.RawData\P01.RawData.csproj", "{AFE7D81D-4E1B-45EC-8605-C2E417EE4D9C}"
EndProject
Project("{9A19103F-16F7-4668-BE54-9A1E7A4F7556}") = "P02.CarsSalesman", "P02.CarsSalesman\P02.CarsSalesman.csproj", "{69484E71-3AA9-45CA-831B-313CC1866857}"
EndProject
Global
	GlobalSection(SolutionConfigurationPlatforms) = preSolution
		Debug|Any CPU = Debug|Any CPU
		Release|Any CPU = Release|Any CPU
	EndGlobalSection
	GlobalSection(ProjectConfigurationPlatforms) = postSolution
		{AFE7D81D-4E1B-45EC-8605-C2E417EE4D9C}.Debug|Any CPU.ActiveCfg = Debug|Any CPU
		{AFE7D81D-4E1B-45EC-8605-C2E417EE4D9C}.Debug|Any CPU.Build.0 = Debug|Any CPU
		{AFE7D81D-4E1B-45EC-8605-C2E417EE4D9C}.Release|Any CPU.ActiveCfg = Release|Any CPU
		{AFE7D81D-4E1B-45EC-8605-C2E417EE4D9C}.Release|Any CPU.Build.0 = Release|Any CPU
		{69484E71-3AA9-45CA-831B-313CC1866857}.Debug|Any CPU.ActiveCfg = Debug|Any CPU
		{69484E71-3AA9-45CA-831B-313CC1866857}.Debug|Any CPU.Build.0 = Debug|Any CPU
		{69484E71-3AA9-45CA-831B-313CC1866857}.Release|Any CPU.ActiveCfg = Release|Any CPU
		{69484E71-3AA9-45CA-831B-313CC1866857}.Release|Any CPU.Build.0 = Release|Any CPU
	EndGlobalSection
	GlobalSection(SolutionProperties) = preSolution
		HideSolutionNode = FALSE
	EndGlobalSection
	GlobalSection(ExtensibilityGlobals) = postSolution
		SolutionGuid = {DCB46A2C-99BF-45D2-87DE-A63077F1C17F}
	EndGlobalSection
EndGlobal
