
Microsoft Visual Studio Solution File, Format Version 12.00
# Visual Studio 15
VisualStudioVersion = 15.0.28307.168
MinimumVisualStudioVersion = 10.0.40219.1
Project("{FAE04EC0-301F-11D3-BF4B-00C04F79EFBC}") = "P01.Persons", "P01.Persons\P01.Persons.csproj", "{E9E0430A-325B-46AA-B40D-CD17FC748D8B}"
EndProject
Project("{FAE04EC0-301F-11D3-BF4B-00C04F79EFBC}") = "P02.SalaryIncrease", "P02.SalaryIncrease\P02.SalaryIncrease.csproj", "{81E0A634-1211-41E1-87F8-E3CD540F4BE4}"
EndProject
Global
	GlobalSection(SolutionConfigurationPlatforms) = preSolution
		Debug|Any CPU = Debug|Any CPU
		Release|Any CPU = Release|Any CPU
	EndGlobalSection
	GlobalSection(ProjectConfigurationPlatforms) = postSolution
		{E9E0430A-325B-46AA-B40D-CD17FC748D8B}.Debug|Any CPU.ActiveCfg = Debug|Any CPU
		{E9E0430A-325B-46AA-B40D-CD17FC748D8B}.Debug|Any CPU.Build.0 = Debug|Any CPU
		{E9E0430A-325B-46AA-B40D-CD17FC748D8B}.Release|Any CPU.ActiveCfg = Release|Any CPU
		{E9E0430A-325B-46AA-B40D-CD17FC748D8B}.Release|Any CPU.Build.0 = Release|Any CPU
		{81E0A634-1211-41E1-87F8-E3CD540F4BE4}.Debug|Any CPU.ActiveCfg = Debug|Any CPU
		{81E0A634-1211-41E1-87F8-E3CD540F4BE4}.Debug|Any CPU.Build.0 = Debug|Any CPU
		{81E0A634-1211-41E1-87F8-E3CD540F4BE4}.Release|Any CPU.ActiveCfg = Release|Any CPU
		{81E0A634-1211-41E1-87F8-E3CD540F4BE4}.Release|Any CPU.Build.0 = Release|Any CPU
	EndGlobalSection
	GlobalSection(SolutionProperties) = preSolution
		HideSolutionNode = FALSE
	EndGlobalSection
	GlobalSection(ExtensibilityGlobals) = postSolution
		SolutionGuid = {0E8FF67C-A547-40CE-B57B-CE8D7EE9A9B0}
	EndGlobalSection
EndGlobal
