
Microsoft Visual Studio Solution File, Format Version 12.00
# Visual Studio 15
VisualStudioVersion = 15.0.28307.168
MinimumVisualStudioVersion = 10.0.40219.1
Project("{FAE04EC0-301F-11D3-BF4B-00C04F79EFBC}") = "P01.Logger", "P01.Logger\P01.Logger.csproj", "{101B359B-C103-4893-B965-4D7A77643E1F}"
EndProject
Global
	GlobalSection(SolutionConfigurationPlatforms) = preSolution
		Debug|Any CPU = Debug|Any CPU
		Release|Any CPU = Release|Any CPU
	EndGlobalSection
	GlobalSection(ProjectConfigurationPlatforms) = postSolution
		{101B359B-C103-4893-B965-4D7A77643E1F}.Debug|Any CPU.ActiveCfg = Debug|Any CPU
		{101B359B-C103-4893-B965-4D7A77643E1F}.Debug|Any CPU.Build.0 = Debug|Any CPU
		{101B359B-C103-4893-B965-4D7A77643E1F}.Release|Any CPU.ActiveCfg = Release|Any CPU
		{101B359B-C103-4893-B965-4D7A77643E1F}.Release|Any CPU.Build.0 = Release|Any CPU
	EndGlobalSection
	GlobalSection(SolutionProperties) = preSolution
		HideSolutionNode = FALSE
	EndGlobalSection
	GlobalSection(ExtensibilityGlobals) = postSolution
		SolutionGuid = {D042C86C-4958-4B4D-8C8C-CAF03086F21E}
	EndGlobalSection
EndGlobal
