
Microsoft Visual Studio Solution File, Format Version 12.00
# Visual Studio 15
VisualStudioVersion = 15.0.28307.168
MinimumVisualStudioVersion = 10.0.40219.1
Project("{9A19103F-16F7-4668-BE54-9A1E7A4F7556}") = "P01.Shapes", "P01.Shapes\P01.Shapes.csproj", "{088D96AA-BE52-4364-9F21-3592C9400B07}"
EndProject
Project("{9A19103F-16F7-4668-BE54-9A1E7A4F7556}") = "P02.Cars", "P02.Cars\P02.Cars.csproj", "{9E251BE6-4366-4254-A988-86F8E772F5EB}"
EndProject
Project("{9A19103F-16F7-4668-BE54-9A1E7A4F7556}") = "P02.PoinInRectangle", "..\..\..\..\Desktop\P02.PoinInRectangle\P02.PoinInRectangle.csproj", "{81DBDD8E-149E-4659-AC44-08AC153A4C20}"
EndProject
Global
	GlobalSection(SolutionConfigurationPlatforms) = preSolution
		Debug|Any CPU = Debug|Any CPU
		Release|Any CPU = Release|Any CPU
	EndGlobalSection
	GlobalSection(ProjectConfigurationPlatforms) = postSolution
		{088D96AA-BE52-4364-9F21-3592C9400B07}.Debug|Any CPU.ActiveCfg = Debug|Any CPU
		{088D96AA-BE52-4364-9F21-3592C9400B07}.Debug|Any CPU.Build.0 = Debug|Any CPU
		{088D96AA-BE52-4364-9F21-3592C9400B07}.Release|Any CPU.ActiveCfg = Release|Any CPU
		{088D96AA-BE52-4364-9F21-3592C9400B07}.Release|Any CPU.Build.0 = Release|Any CPU
		{9E251BE6-4366-4254-A988-86F8E772F5EB}.Debug|Any CPU.ActiveCfg = Debug|Any CPU
		{9E251BE6-4366-4254-A988-86F8E772F5EB}.Debug|Any CPU.Build.0 = Debug|Any CPU
		{9E251BE6-4366-4254-A988-86F8E772F5EB}.Release|Any CPU.ActiveCfg = Release|Any CPU
		{9E251BE6-4366-4254-A988-86F8E772F5EB}.Release|Any CPU.Build.0 = Release|Any CPU
		{81DBDD8E-149E-4659-AC44-08AC153A4C20}.Debug|Any CPU.ActiveCfg = Debug|Any CPU
		{81DBDD8E-149E-4659-AC44-08AC153A4C20}.Debug|Any CPU.Build.0 = Debug|Any CPU
		{81DBDD8E-149E-4659-AC44-08AC153A4C20}.Release|Any CPU.ActiveCfg = Release|Any CPU
		{81DBDD8E-149E-4659-AC44-08AC153A4C20}.Release|Any CPU.Build.0 = Release|Any CPU
	EndGlobalSection
	GlobalSection(SolutionProperties) = preSolution
		HideSolutionNode = FALSE
	EndGlobalSection
	GlobalSection(ExtensibilityGlobals) = postSolution
		SolutionGuid = {C0D5A42E-BA2F-4DF5-A937-3A4514E4B561}
	EndGlobalSection
EndGlobal
