
Microsoft Visual Studio Solution File, Format Version 12.00
# Visual Studio 15
VisualStudioVersion = 15.0.28307.168
MinimumVisualStudioVersion = 10.0.40219.1
Project("{FAE04EC0-301F-11D3-BF4B-00C04F79EFBC}") = "P01.Shapes", "P01.Shapes\P01.Shapes.csproj", "{088D96AA-BE52-4364-9F21-3592C9400B07}"
EndProject
Global
	GlobalSection(SolutionConfigurationPlatforms) = preSolution
		Debug|Any CPU = Debug|Any CPU
		Release|Any CPU = Release|Any CPU
	EndGlobalSection
	GlobalSection(ProjectConfigurationPlatforms) = postSolution
		{088D96AA-BE52-4364-9F21-3592C9400B07}.Debug|Any CPU.ActiveCfg = Debug|Any CPU
		{088D96AA-BE52-4364-9F21-3592C9400B07}.Debug|Any CPU.Build.0 = Debug|Any CPU
		{088D96AA-BE52-4364-9F21-3592C9400B07}.Release|Any CPU.ActiveCfg = Release|Any CPU
		{088D96AA-BE52-4364-9F21-3592C9400B07}.Release|Any CPU.Build.0 = Release|Any CPU
	EndGlobalSection
	GlobalSection(SolutionProperties) = preSolution
		HideSolutionNode = FALSE
	EndGlobalSection
	GlobalSection(ExtensibilityGlobals) = postSolution
		SolutionGuid = {C0D5A42E-BA2F-4DF5-A937-3A4514E4B561}
	EndGlobalSection
EndGlobal
