
Microsoft Visual Studio Solution File, Format Version 12.00
# Visual Studio 15
VisualStudioVersion = 15.0.28307.168
MinimumVisualStudioVersion = 10.0.40219.1
Project("{9A19103F-16F7-4668-BE54-9A1E7A4F7556}") = "P01.Stealer", "P01.Stealer\P01.Stealer.csproj", "{A1F04A31-D96B-4D88-9DBA-9A658051811A}"
EndProject
Project("{9A19103F-16F7-4668-BE54-9A1E7A4F7556}") = "P02.HighQualityMistakes", "P02.HighQualityMistakes\P02.HighQualityMistakes.csproj", "{FF095568-3B96-48C8-B664-8F38693DEAF3}"
EndProject
Project("{FAE04EC0-301F-11D3-BF4B-00C04F79EFBC}") = "P03.MissionPrivateImpossible", "P03.MissionPrivateImpossible\P03.MissionPrivateImpossible.csproj", "{362084BB-766D-4289-AF3C-DB05CBCFC9EF}"
EndProject
Global
	GlobalSection(SolutionConfigurationPlatforms) = preSolution
		Debug|Any CPU = Debug|Any CPU
		Release|Any CPU = Release|Any CPU
	EndGlobalSection
	GlobalSection(ProjectConfigurationPlatforms) = postSolution
		{A1F04A31-D96B-4D88-9DBA-9A658051811A}.Debug|Any CPU.ActiveCfg = Debug|Any CPU
		{A1F04A31-D96B-4D88-9DBA-9A658051811A}.Debug|Any CPU.Build.0 = Debug|Any CPU
		{A1F04A31-D96B-4D88-9DBA-9A658051811A}.Release|Any CPU.ActiveCfg = Release|Any CPU
		{A1F04A31-D96B-4D88-9DBA-9A658051811A}.Release|Any CPU.Build.0 = Release|Any CPU
		{FF095568-3B96-48C8-B664-8F38693DEAF3}.Debug|Any CPU.ActiveCfg = Debug|Any CPU
		{FF095568-3B96-48C8-B664-8F38693DEAF3}.Debug|Any CPU.Build.0 = Debug|Any CPU
		{FF095568-3B96-48C8-B664-8F38693DEAF3}.Release|Any CPU.ActiveCfg = Release|Any CPU
		{FF095568-3B96-48C8-B664-8F38693DEAF3}.Release|Any CPU.Build.0 = Release|Any CPU
		{362084BB-766D-4289-AF3C-DB05CBCFC9EF}.Debug|Any CPU.ActiveCfg = Debug|Any CPU
		{362084BB-766D-4289-AF3C-DB05CBCFC9EF}.Debug|Any CPU.Build.0 = Debug|Any CPU
		{362084BB-766D-4289-AF3C-DB05CBCFC9EF}.Release|Any CPU.ActiveCfg = Release|Any CPU
		{362084BB-766D-4289-AF3C-DB05CBCFC9EF}.Release|Any CPU.Build.0 = Release|Any CPU
	EndGlobalSection
	GlobalSection(SolutionProperties) = preSolution
		HideSolutionNode = FALSE
	EndGlobalSection
	GlobalSection(ExtensibilityGlobals) = postSolution
		SolutionGuid = {99BE6959-124C-40E2-AB45-C95D3DF16E16}
	EndGlobalSection
EndGlobal
