
Microsoft Visual Studio Solution File, Format Version 12.00
# Visual Studio 15
VisualStudioVersion = 15.0.28307.168
MinimumVisualStudioVersion = 10.0.40219.1
Project("{9A19103F-16F7-4668-BE54-9A1E7A4F7556}") = "P01.HarvestingFields", "P01.HarvestingFields\P01.HarvestingFields.csproj", "{9F284B3E-085B-40E0-B870-DC82D6B8F49A}"
EndProject
Project("{9A19103F-16F7-4668-BE54-9A1E7A4F7556}") = "P02.BlackBoxInteger", "P02.BlackBoxInteger\P02.BlackBoxInteger.csproj", "{31741AA6-B831-4E9D-9020-1B8E7823F984}"
EndProject
Project("{9A19103F-16F7-4668-BE54-9A1E7A4F7556}") = "P03.BarrackWars-ANewFactory", "P03.BarrackWars-ANewFactory\P03.BarrackWars-ANewFactory.csproj", "{B8AE06DF-0991-4B2C-9319-F3F1080F7A69}"
EndProject
Project("{9A19103F-16F7-4668-BE54-9A1E7A4F7556}") = "P04.BarrackWars-TheCommandsStrikeBack", "P04.BarrackWars-TheCommandsStrikeBack\P04.BarrackWars-TheCommandsStrikeBack.csproj", "{7D026679-1094-4492-BDC7-9CAC63FD997B}"
EndProject
Project("{9A19103F-16F7-4668-BE54-9A1E7A4F7556}") = "P05.BarrackWars-ReturnOfTheDependencies", "P05.BarrackWars-ReturnOfTheDependencies\P05.BarrackWars-ReturnOfTheDependencies.csproj", "{63F9292D-5C70-448F-B366-F392CD7CC476}"
EndProject
Project("{9A19103F-16F7-4668-BE54-9A1E7A4F7556}") = "P06.TrafficLights", "P06.TrafficLights\P06.TrafficLights.csproj", "{B60E434E-AD9E-4DAA-914D-0314F0557F50}"
EndProject
Project("{9A19103F-16F7-4668-BE54-9A1E7A4F7556}") = "P07.InfernoInfinity", "P07.InfernoInfinity\P07.InfernoInfinity.csproj", "{21F0A7D8-F93E-4427-99A8-9EB6BE52E50B}"
EndProject
Project("{FAE04EC0-301F-11D3-BF4B-00C04F79EFBC}") = "P08.CreateCustomClassAttribute", "P08.CreateCustomClassAttribute\P08.CreateCustomClassAttribute.csproj", "{8C23D39B-3363-4A90-AC57-6CED38C6F534}"
EndProject
Global
	GlobalSection(SolutionConfigurationPlatforms) = preSolution
		Debug|Any CPU = Debug|Any CPU
		Release|Any CPU = Release|Any CPU
	EndGlobalSection
	GlobalSection(ProjectConfigurationPlatforms) = postSolution
		{9F284B3E-085B-40E0-B870-DC82D6B8F49A}.Debug|Any CPU.ActiveCfg = Debug|Any CPU
		{9F284B3E-085B-40E0-B870-DC82D6B8F49A}.Debug|Any CPU.Build.0 = Debug|Any CPU
		{9F284B3E-085B-40E0-B870-DC82D6B8F49A}.Release|Any CPU.ActiveCfg = Release|Any CPU
		{9F284B3E-085B-40E0-B870-DC82D6B8F49A}.Release|Any CPU.Build.0 = Release|Any CPU
		{31741AA6-B831-4E9D-9020-1B8E7823F984}.Debug|Any CPU.ActiveCfg = Debug|Any CPU
		{31741AA6-B831-4E9D-9020-1B8E7823F984}.Debug|Any CPU.Build.0 = Debug|Any CPU
		{31741AA6-B831-4E9D-9020-1B8E7823F984}.Release|Any CPU.ActiveCfg = Release|Any CPU
		{31741AA6-B831-4E9D-9020-1B8E7823F984}.Release|Any CPU.Build.0 = Release|Any CPU
		{B8AE06DF-0991-4B2C-9319-F3F1080F7A69}.Debug|Any CPU.ActiveCfg = Debug|Any CPU
		{B8AE06DF-0991-4B2C-9319-F3F1080F7A69}.Debug|Any CPU.Build.0 = Debug|Any CPU
		{B8AE06DF-0991-4B2C-9319-F3F1080F7A69}.Release|Any CPU.ActiveCfg = Release|Any CPU
		{B8AE06DF-0991-4B2C-9319-F3F1080F7A69}.Release|Any CPU.Build.0 = Release|Any CPU
		{7D026679-1094-4492-BDC7-9CAC63FD997B}.Debug|Any CPU.ActiveCfg = Debug|Any CPU
		{7D026679-1094-4492-BDC7-9CAC63FD997B}.Debug|Any CPU.Build.0 = Debug|Any CPU
		{7D026679-1094-4492-BDC7-9CAC63FD997B}.Release|Any CPU.ActiveCfg = Release|Any CPU
		{7D026679-1094-4492-BDC7-9CAC63FD997B}.Release|Any CPU.Build.0 = Release|Any CPU
		{63F9292D-5C70-448F-B366-F392CD7CC476}.Debug|Any CPU.ActiveCfg = Debug|Any CPU
		{63F9292D-5C70-448F-B366-F392CD7CC476}.Debug|Any CPU.Build.0 = Debug|Any CPU
		{63F9292D-5C70-448F-B366-F392CD7CC476}.Release|Any CPU.ActiveCfg = Release|Any CPU
		{63F9292D-5C70-448F-B366-F392CD7CC476}.Release|Any CPU.Build.0 = Release|Any CPU
		{B60E434E-AD9E-4DAA-914D-0314F0557F50}.Debug|Any CPU.ActiveCfg = Debug|Any CPU
		{B60E434E-AD9E-4DAA-914D-0314F0557F50}.Debug|Any CPU.Build.0 = Debug|Any CPU
		{B60E434E-AD9E-4DAA-914D-0314F0557F50}.Release|Any CPU.ActiveCfg = Release|Any CPU
		{B60E434E-AD9E-4DAA-914D-0314F0557F50}.Release|Any CPU.Build.0 = Release|Any CPU
		{21F0A7D8-F93E-4427-99A8-9EB6BE52E50B}.Debug|Any CPU.ActiveCfg = Debug|Any CPU
		{21F0A7D8-F93E-4427-99A8-9EB6BE52E50B}.Debug|Any CPU.Build.0 = Debug|Any CPU
		{21F0A7D8-F93E-4427-99A8-9EB6BE52E50B}.Release|Any CPU.ActiveCfg = Release|Any CPU
		{21F0A7D8-F93E-4427-99A8-9EB6BE52E50B}.Release|Any CPU.Build.0 = Release|Any CPU
		{8C23D39B-3363-4A90-AC57-6CED38C6F534}.Debug|Any CPU.ActiveCfg = Debug|Any CPU
		{8C23D39B-3363-4A90-AC57-6CED38C6F534}.Debug|Any CPU.Build.0 = Debug|Any CPU
		{8C23D39B-3363-4A90-AC57-6CED38C6F534}.Release|Any CPU.ActiveCfg = Release|Any CPU
		{8C23D39B-3363-4A90-AC57-6CED38C6F534}.Release|Any CPU.Build.0 = Release|Any CPU
	EndGlobalSection
	GlobalSection(SolutionProperties) = preSolution
		HideSolutionNode = FALSE
	EndGlobalSection
	GlobalSection(ExtensibilityGlobals) = postSolution
		SolutionGuid = {3FB963A4-F1ED-4614-B32A-91F38BF53856}
	EndGlobalSection
EndGlobal
