
Microsoft Visual Studio Solution File, Format Version 12.00
# Visual Studio 15
VisualStudioVersion = 15.0.28307.168
MinimumVisualStudioVersion = 10.0.40219.1
Project("{9A19103F-16F7-4668-BE54-9A1E7A4F7556}") = "P01.MathOerations", "P01.MathOerations\P01.MathOerations.csproj", "{260F7785-C8EB-488E-B2BC-9BD6D32E1D0E}"
EndProject
Global
	GlobalSection(SolutionConfigurationPlatforms) = preSolution
		Debug|Any CPU = Debug|Any CPU
		Release|Any CPU = Release|Any CPU
	EndGlobalSection
	GlobalSection(ProjectConfigurationPlatforms) = postSolution
		{260F7785-C8EB-488E-B2BC-9BD6D32E1D0E}.Debug|Any CPU.ActiveCfg = Debug|Any CPU
		{260F7785-C8EB-488E-B2BC-9BD6D32E1D0E}.Debug|Any CPU.Build.0 = Debug|Any CPU
		{260F7785-C8EB-488E-B2BC-9BD6D32E1D0E}.Release|Any CPU.ActiveCfg = Release|Any CPU
		{260F7785-C8EB-488E-B2BC-9BD6D32E1D0E}.Release|Any CPU.Build.0 = Release|Any CPU
	EndGlobalSection
	GlobalSection(SolutionProperties) = preSolution
		HideSolutionNode = FALSE
	EndGlobalSection
	GlobalSection(ExtensibilityGlobals) = postSolution
		SolutionGuid = {A1BD1EB6-3273-447F-9738-F090967601DC}
	EndGlobalSection
EndGlobal
