
Microsoft Visual Studio Solution File, Format Version 12.00
# Visual Studio 15
VisualStudioVersion = 15.0.28307.168
MinimumVisualStudioVersion = 10.0.40219.1
Project("{9A19103F-16F7-4668-BE54-9A1E7A4F7556}") = "P01.DefineAnInterfaceIPerson", "P01.DefineAnInterfaceIPerson\P01.DefineAnInterfaceIPerson.csproj", "{1C5A136F-57FC-4C92-9F32-30A27AC758A2}"
EndProject
Project("{9A19103F-16F7-4668-BE54-9A1E7A4F7556}") = "P02.MultipleImplementation", "P02.MultipleImplementation\P02.MultipleImplementation.csproj", "{6B85714B-3814-4473-A751-EF634D295889}"
EndProject
Project("{9A19103F-16F7-4668-BE54-9A1E7A4F7556}") = "P03.Ferrari", "P03.Ferrari\P03.Ferrari.csproj", "{21D0DEB3-7E00-49DA-B651-601C3E9EA5BB}"
EndProject
Project("{9A19103F-16F7-4668-BE54-9A1E7A4F7556}") = "P04.Telephony", "P04.Telephony\P04.Telephony.csproj", "{CA2F08B0-FC9D-4A7D-846B-C3E6E9AF567F}"
EndProject
Project("{9A19103F-16F7-4668-BE54-9A1E7A4F7556}") = "P05.BorderControl", "P05.BorderControl\P05.BorderControl.csproj", "{DF2F90EF-BA06-4EAC-B4FE-2B98E97B8C75}"
EndProject
Project("{9A19103F-16F7-4668-BE54-9A1E7A4F7556}") = "P06.BirthdayCelebrations", "P06.BirthdayCelebrations\P06.BirthdayCelebrations.csproj", "{F222201B-D8AD-4FBE-9650-BE9913AF35D4}"
EndProject
Project("{9A19103F-16F7-4668-BE54-9A1E7A4F7556}") = "P07.FoodShortage", "P07.FoodShortage\P07.FoodShortage.csproj", "{DCF78C83-C626-4B07-826D-6AA5BFC23158}"
EndProject
Project("{9A19103F-16F7-4668-BE54-9A1E7A4F7556}") = "P08.MilitaryElite", "P08.MilitaryElite\P08.MilitaryElite.csproj", "{8269701D-9DF2-4B9A-988A-C22CB9BF5C82}"
EndProject
Project("{9A19103F-16F7-4668-BE54-9A1E7A4F7556}") = "P09.CollectionHierarchy", "P09.CollectionHierarchy\P09.CollectionHierarchy.csproj", "{10EA1621-F26D-4CF4-967F-9E1CB34E381B}"
EndProject
Project("{9A19103F-16F7-4668-BE54-9A1E7A4F7556}") = "P08.MilitaryElite-2", "P08.MilitaryElite-2\P08.MilitaryElite-2.csproj", "{41F72E71-5E53-48FB-89E4-E74B4E59747F}"
EndProject
Project("{9A19103F-16F7-4668-BE54-9A1E7A4F7556}") = "P08.MilitaryElite-", "P08.MilitaryElite-\P08.MilitaryElite-.csproj", "{7EC9329E-26E5-4DAA-934B-7ED6A15925A8}"
EndProject
Project("{FAE04EC0-301F-11D3-BF4B-00C04F79EFBC}") = "P08.MilitaryElite-1", "P08.MilitaryElite-1\P08.MilitaryElite-1.csproj", "{6B0E1223-DF7F-4DD0-8C59-7219D57083EE}"
EndProject
Global
	GlobalSection(SolutionConfigurationPlatforms) = preSolution
		Debug|Any CPU = Debug|Any CPU
		Release|Any CPU = Release|Any CPU
	EndGlobalSection
	GlobalSection(ProjectConfigurationPlatforms) = postSolution
		{1C5A136F-57FC-4C92-9F32-30A27AC758A2}.Debug|Any CPU.ActiveCfg = Debug|Any CPU
		{1C5A136F-57FC-4C92-9F32-30A27AC758A2}.Debug|Any CPU.Build.0 = Debug|Any CPU
		{1C5A136F-57FC-4C92-9F32-30A27AC758A2}.Release|Any CPU.ActiveCfg = Release|Any CPU
		{1C5A136F-57FC-4C92-9F32-30A27AC758A2}.Release|Any CPU.Build.0 = Release|Any CPU
		{6B85714B-3814-4473-A751-EF634D295889}.Debug|Any CPU.ActiveCfg = Debug|Any CPU
		{6B85714B-3814-4473-A751-EF634D295889}.Debug|Any CPU.Build.0 = Debug|Any CPU
		{6B85714B-3814-4473-A751-EF634D295889}.Release|Any CPU.ActiveCfg = Release|Any CPU
		{6B85714B-3814-4473-A751-EF634D295889}.Release|Any CPU.Build.0 = Release|Any CPU
		{21D0DEB3-7E00-49DA-B651-601C3E9EA5BB}.Debug|Any CPU.ActiveCfg = Debug|Any CPU
		{21D0DEB3-7E00-49DA-B651-601C3E9EA5BB}.Debug|Any CPU.Build.0 = Debug|Any CPU
		{21D0DEB3-7E00-49DA-B651-601C3E9EA5BB}.Release|Any CPU.ActiveCfg = Release|Any CPU
		{21D0DEB3-7E00-49DA-B651-601C3E9EA5BB}.Release|Any CPU.Build.0 = Release|Any CPU
		{CA2F08B0-FC9D-4A7D-846B-C3E6E9AF567F}.Debug|Any CPU.ActiveCfg = Debug|Any CPU
		{CA2F08B0-FC9D-4A7D-846B-C3E6E9AF567F}.Debug|Any CPU.Build.0 = Debug|Any CPU
		{CA2F08B0-FC9D-4A7D-846B-C3E6E9AF567F}.Release|Any CPU.ActiveCfg = Release|Any CPU
		{CA2F08B0-FC9D-4A7D-846B-C3E6E9AF567F}.Release|Any CPU.Build.0 = Release|Any CPU
		{DF2F90EF-BA06-4EAC-B4FE-2B98E97B8C75}.Debug|Any CPU.ActiveCfg = Debug|Any CPU
		{DF2F90EF-BA06-4EAC-B4FE-2B98E97B8C75}.Debug|Any CPU.Build.0 = Debug|Any CPU
		{DF2F90EF-BA06-4EAC-B4FE-2B98E97B8C75}.Release|Any CPU.ActiveCfg = Release|Any CPU
		{DF2F90EF-BA06-4EAC-B4FE-2B98E97B8C75}.Release|Any CPU.Build.0 = Release|Any CPU
		{F222201B-D8AD-4FBE-9650-BE9913AF35D4}.Debug|Any CPU.ActiveCfg = Debug|Any CPU
		{F222201B-D8AD-4FBE-9650-BE9913AF35D4}.Debug|Any CPU.Build.0 = Debug|Any CPU
		{F222201B-D8AD-4FBE-9650-BE9913AF35D4}.Release|Any CPU.ActiveCfg = Release|Any CPU
		{F222201B-D8AD-4FBE-9650-BE9913AF35D4}.Release|Any CPU.Build.0 = Release|Any CPU
		{DCF78C83-C626-4B07-826D-6AA5BFC23158}.Debug|Any CPU.ActiveCfg = Debug|Any CPU
		{DCF78C83-C626-4B07-826D-6AA5BFC23158}.Debug|Any CPU.Build.0 = Debug|Any CPU
		{DCF78C83-C626-4B07-826D-6AA5BFC23158}.Release|Any CPU.ActiveCfg = Release|Any CPU
		{DCF78C83-C626-4B07-826D-6AA5BFC23158}.Release|Any CPU.Build.0 = Release|Any CPU
		{8269701D-9DF2-4B9A-988A-C22CB9BF5C82}.Debug|Any CPU.ActiveCfg = Debug|Any CPU
		{8269701D-9DF2-4B9A-988A-C22CB9BF5C82}.Debug|Any CPU.Build.0 = Debug|Any CPU
		{8269701D-9DF2-4B9A-988A-C22CB9BF5C82}.Release|Any CPU.ActiveCfg = Release|Any CPU
		{8269701D-9DF2-4B9A-988A-C22CB9BF5C82}.Release|Any CPU.Build.0 = Release|Any CPU
		{10EA1621-F26D-4CF4-967F-9E1CB34E381B}.Debug|Any CPU.ActiveCfg = Debug|Any CPU
		{10EA1621-F26D-4CF4-967F-9E1CB34E381B}.Debug|Any CPU.Build.0 = Debug|Any CPU
		{10EA1621-F26D-4CF4-967F-9E1CB34E381B}.Release|Any CPU.ActiveCfg = Release|Any CPU
		{10EA1621-F26D-4CF4-967F-9E1CB34E381B}.Release|Any CPU.Build.0 = Release|Any CPU
		{41F72E71-5E53-48FB-89E4-E74B4E59747F}.Debug|Any CPU.ActiveCfg = Debug|Any CPU
		{41F72E71-5E53-48FB-89E4-E74B4E59747F}.Debug|Any CPU.Build.0 = Debug|Any CPU
		{41F72E71-5E53-48FB-89E4-E74B4E59747F}.Release|Any CPU.ActiveCfg = Release|Any CPU
		{41F72E71-5E53-48FB-89E4-E74B4E59747F}.Release|Any CPU.Build.0 = Release|Any CPU
		{7EC9329E-26E5-4DAA-934B-7ED6A15925A8}.Debug|Any CPU.ActiveCfg = Debug|Any CPU
		{7EC9329E-26E5-4DAA-934B-7ED6A15925A8}.Debug|Any CPU.Build.0 = Debug|Any CPU
		{7EC9329E-26E5-4DAA-934B-7ED6A15925A8}.Release|Any CPU.ActiveCfg = Release|Any CPU
		{7EC9329E-26E5-4DAA-934B-7ED6A15925A8}.Release|Any CPU.Build.0 = Release|Any CPU
		{6B0E1223-DF7F-4DD0-8C59-7219D57083EE}.Debug|Any CPU.ActiveCfg = Debug|Any CPU
		{6B0E1223-DF7F-4DD0-8C59-7219D57083EE}.Debug|Any CPU.Build.0 = Debug|Any CPU
		{6B0E1223-DF7F-4DD0-8C59-7219D57083EE}.Release|Any CPU.ActiveCfg = Release|Any CPU
		{6B0E1223-DF7F-4DD0-8C59-7219D57083EE}.Release|Any CPU.Build.0 = Release|Any CPU
	EndGlobalSection
	GlobalSection(SolutionProperties) = preSolution
		HideSolutionNode = FALSE
	EndGlobalSection
	GlobalSection(ExtensibilityGlobals) = postSolution
		SolutionGuid = {AC36C7E1-A4FE-4103-9526-1C3B6D5257D7}
	EndGlobalSection
EndGlobal
