
Microsoft Visual Studio Solution File, Format Version 12.00
# Visual Studio 15
VisualStudioVersion = 15.0.28307.168
MinimumVisualStudioVersion = 10.0.40219.1
Project("{9A19103F-16F7-4668-BE54-9A1E7A4F7556}") = "P01.DefineAnInterfaceIPerson", "P01.DefineAnInterfaceIPerson\P01.DefineAnInterfaceIPerson.csproj", "{1C5A136F-57FC-4C92-9F32-30A27AC758A2}"
EndProject
Project("{9A19103F-16F7-4668-BE54-9A1E7A4F7556}") = "P02.MultipleImplementation", "P02.MultipleImplementation\P02.MultipleImplementation.csproj", "{6B85714B-3814-4473-A751-EF634D295889}"
EndProject
Project("{9A19103F-16F7-4668-BE54-9A1E7A4F7556}") = "P03.Ferrari", "P03.Ferrari\P03.Ferrari.csproj", "{21D0DEB3-7E00-49DA-B651-601C3E9EA5BB}"
EndProject
Project("{9A19103F-16F7-4668-BE54-9A1E7A4F7556}") = "P04.Telephony", "P04.Telephony\P04.Telephony.csproj", "{CA2F08B0-FC9D-4A7D-846B-C3E6E9AF567F}"
EndProject
Project("{9A19103F-16F7-4668-BE54-9A1E7A4F7556}") = "P05.BorderControl", "P05.BorderControl\P05.BorderControl.csproj", "{DF2F90EF-BA06-4EAC-B4FE-2B98E97B8C75}"
EndProject
Project("{FAE04EC0-301F-11D3-BF4B-00C04F79EFBC}") = "P06.BirthdayCelebrations", "P06.BirthdayCelebrations\P06.BirthdayCelebrations.csproj", "{2AD49A39-B170-400D-AA9A-3B4E08E2E763}"
EndProject
Global
	GlobalSection(SolutionConfigurationPlatforms) = preSolution
		Debug|Any CPU = Debug|Any CPU
		Release|Any CPU = Release|Any CPU
	EndGlobalSection
	GlobalSection(ProjectConfigurationPlatforms) = postSolution
		{1C5A136F-57FC-4C92-9F32-30A27AC758A2}.Debug|Any CPU.ActiveCfg = Debug|Any CPU
		{1C5A136F-57FC-4C92-9F32-30A27AC758A2}.Debug|Any CPU.Build.0 = Debug|Any CPU
		{1C5A136F-57FC-4C92-9F32-30A27AC758A2}.Release|Any CPU.ActiveCfg = Release|Any CPU
		{1C5A136F-57FC-4C92-9F32-30A27AC758A2}.Release|Any CPU.Build.0 = Release|Any CPU
		{6B85714B-3814-4473-A751-EF634D295889}.Debug|Any CPU.ActiveCfg = Debug|Any CPU
		{6B85714B-3814-4473-A751-EF634D295889}.Debug|Any CPU.Build.0 = Debug|Any CPU
		{6B85714B-3814-4473-A751-EF634D295889}.Release|Any CPU.ActiveCfg = Release|Any CPU
		{6B85714B-3814-4473-A751-EF634D295889}.Release|Any CPU.Build.0 = Release|Any CPU
		{21D0DEB3-7E00-49DA-B651-601C3E9EA5BB}.Debug|Any CPU.ActiveCfg = Debug|Any CPU
		{21D0DEB3-7E00-49DA-B651-601C3E9EA5BB}.Debug|Any CPU.Build.0 = Debug|Any CPU
		{21D0DEB3-7E00-49DA-B651-601C3E9EA5BB}.Release|Any CPU.ActiveCfg = Release|Any CPU
		{21D0DEB3-7E00-49DA-B651-601C3E9EA5BB}.Release|Any CPU.Build.0 = Release|Any CPU
		{CA2F08B0-FC9D-4A7D-846B-C3E6E9AF567F}.Debug|Any CPU.ActiveCfg = Debug|Any CPU
		{CA2F08B0-FC9D-4A7D-846B-C3E6E9AF567F}.Debug|Any CPU.Build.0 = Debug|Any CPU
		{CA2F08B0-FC9D-4A7D-846B-C3E6E9AF567F}.Release|Any CPU.ActiveCfg = Release|Any CPU
		{CA2F08B0-FC9D-4A7D-846B-C3E6E9AF567F}.Release|Any CPU.Build.0 = Release|Any CPU
		{DF2F90EF-BA06-4EAC-B4FE-2B98E97B8C75}.Debug|Any CPU.ActiveCfg = Debug|Any CPU
		{DF2F90EF-BA06-4EAC-B4FE-2B98E97B8C75}.Debug|Any CPU.Build.0 = Debug|Any CPU
		{DF2F90EF-BA06-4EAC-B4FE-2B98E97B8C75}.Release|Any CPU.ActiveCfg = Release|Any CPU
		{DF2F90EF-BA06-4EAC-B4FE-2B98E97B8C75}.Release|Any CPU.Build.0 = Release|Any CPU
		{2AD49A39-B170-400D-AA9A-3B4E08E2E763}.Debug|Any CPU.ActiveCfg = Debug|Any CPU
		{2AD49A39-B170-400D-AA9A-3B4E08E2E763}.Debug|Any CPU.Build.0 = Debug|Any CPU
		{2AD49A39-B170-400D-AA9A-3B4E08E2E763}.Release|Any CPU.ActiveCfg = Release|Any CPU
		{2AD49A39-B170-400D-AA9A-3B4E08E2E763}.Release|Any CPU.Build.0 = Release|Any CPU
	EndGlobalSection
	GlobalSection(SolutionProperties) = preSolution
		HideSolutionNode = FALSE
	EndGlobalSection
	GlobalSection(ExtensibilityGlobals) = postSolution
		SolutionGuid = {AC36C7E1-A4FE-4103-9526-1C3B6D5257D7}
	EndGlobalSection
EndGlobal
