
Microsoft Visual Studio Solution File, Format Version 12.00
# Visual Studio 15
VisualStudioVersion = 15.0.28307.168
MinimumVisualStudioVersion = 10.0.40219.1
Project("{9A19103F-16F7-4668-BE54-9A1E7A4F7556}") = "P01.StreamProgressInfo", "P01.StreamProgressInfo\P01.StreamProgressInfo.csproj", "{072B94E4-3F63-4C94-A9DF-4AFCC0CF17FC}"
EndProject
<<<<<<< HEAD
Project("{9A19103F-16F7-4668-BE54-9A1E7A4F7556}") = "P04.ShoppingSpree", "..\..\..\..\Downloads\P04.ShoppingSpree\P04.ShoppingSpree.csproj", "{374BACF1-EFB5-4447-B02D-8B771487F7FE}"
=======
Project("{FAE04EC0-301F-11D3-BF4B-00C04F79EFBC}") = "P02.GraphicEditor", "P02.GraphicEditor\P02.GraphicEditor.csproj", "{53905B41-1501-4D81-A4AC-4F802DF76476}"
>>>>>>> 19271330cf7732e6cd4ec3f28f7e6ad3c55948ba
EndProject
Global
	GlobalSection(SolutionConfigurationPlatforms) = preSolution
		Debug|Any CPU = Debug|Any CPU
		Release|Any CPU = Release|Any CPU
	EndGlobalSection
	GlobalSection(ProjectConfigurationPlatforms) = postSolution
		{072B94E4-3F63-4C94-A9DF-4AFCC0CF17FC}.Debug|Any CPU.ActiveCfg = Debug|Any CPU
		{072B94E4-3F63-4C94-A9DF-4AFCC0CF17FC}.Debug|Any CPU.Build.0 = Debug|Any CPU
		{072B94E4-3F63-4C94-A9DF-4AFCC0CF17FC}.Release|Any CPU.ActiveCfg = Release|Any CPU
		{072B94E4-3F63-4C94-A9DF-4AFCC0CF17FC}.Release|Any CPU.Build.0 = Release|Any CPU
<<<<<<< HEAD
		{374BACF1-EFB5-4447-B02D-8B771487F7FE}.Debug|Any CPU.ActiveCfg = Debug|Any CPU
		{374BACF1-EFB5-4447-B02D-8B771487F7FE}.Debug|Any CPU.Build.0 = Debug|Any CPU
		{374BACF1-EFB5-4447-B02D-8B771487F7FE}.Release|Any CPU.ActiveCfg = Release|Any CPU
		{374BACF1-EFB5-4447-B02D-8B771487F7FE}.Release|Any CPU.Build.0 = Release|Any CPU
=======
		{53905B41-1501-4D81-A4AC-4F802DF76476}.Debug|Any CPU.ActiveCfg = Debug|Any CPU
		{53905B41-1501-4D81-A4AC-4F802DF76476}.Debug|Any CPU.Build.0 = Debug|Any CPU
		{53905B41-1501-4D81-A4AC-4F802DF76476}.Release|Any CPU.ActiveCfg = Release|Any CPU
		{53905B41-1501-4D81-A4AC-4F802DF76476}.Release|Any CPU.Build.0 = Release|Any CPU
>>>>>>> 19271330cf7732e6cd4ec3f28f7e6ad3c55948ba
	EndGlobalSection
	GlobalSection(SolutionProperties) = preSolution
		HideSolutionNode = FALSE
	EndGlobalSection
	GlobalSection(ExtensibilityGlobals) = postSolution
		SolutionGuid = {E726435F-5A36-48E8-B803-6C6C003CE638}
	EndGlobalSection
EndGlobal
